PODS:
  - FMDB (2.7.5):
    - FMDB/standard (= 2.7.5)
  - FMDB/standard (2.7.5)
  - XNLocationTool (0.1.2):
    - FMDB

DEPENDENCIES:
  - XNLocationTool (from `../`)

SPEC REPOS:
  https://github.com/cocoapods/specs.git:
    - FMDB

EXTERNAL SOURCES:
  XNLocationTool:
    :path: "../"

SPEC CHECKSUMS:
  FMDB: 2ce00b547f966261cd18927a3ddb07cb6f3db82a
  XNLocationTool: 36cec77b24ec715cd0229b1c2a9bb6e6813d231b

PODFILE CHECKSUM: 4be1f982e5afed3592d62ab3e7b69b4c3c7a8821

COCOAPODS: 1.7.1
